
Microsoft Visual Studio Solution File, Format Version 12.00
# Visual Studio Version 16
VisualStudioVersion = 16.0.29911.84
MinimumVisualStudioVersion = 10.0.40219.1
Project("{FAE04EC0-301F-11D3-BF4B-00C04F79EFBC}") = "dz11", "dz11\dz11.csproj", "{5163068B-C28E-44AA-89E8-20C15321C337}"
EndProject
Global
	GlobalSection(SolutionConfigurationPlatforms) = preSolution
		Debug|Any CPU = Debug|Any CPU
		Release|Any CPU = Release|Any CPU
	EndGlobalSection
	GlobalSection(ProjectConfigurationPlatforms) = postSolution
		{5163068B-C28E-44AA-89E8-20C15321C337}.Debug|Any CPU.ActiveCfg = Debug|Any CPU
		{5163068B-C28E-44AA-89E8-20C15321C337}.Debug|Any CPU.Build.0 = Debug|Any CPU
		{5163068B-C28E-44AA-89E8-20C15321C337}.Release|Any CPU.ActiveCfg = Release|Any CPU
		{5163068B-C28E-44AA-89E8-20C15321C337}.Release|Any CPU.Build.0 = Release|Any CPU
	EndGlobalSection
	GlobalSection(SolutionProperties) = preSolution
		HideSolutionNode = FALSE
	EndGlobalSection
	GlobalSection(ExtensibilityGlobals) = postSolution
		SolutionGuid = {D705C5D8-596B-4E79-809B-9F6116A38CCE}
	EndGlobalSection
EndGlobal
